
Microsoft Visual Studio Solution File, Format Version 12.00
# Visual Studio 15
VisualStudioVersion = 15.0.27428.2005
MinimumVisualStudioVersion = 10.0.40219.1
Project("{FAE04EC0-301F-11D3-BF4B-00C04F79EFBC}") = "Two_Sum", "Two_Sum\Two_Sum.csproj", "{CB429438-ED88-461D-83A2-592DBEB6C2CC}"
EndProject
Global
	GlobalSection(SolutionConfigurationPlatforms) = preSolution
		Debug|Any CPU = Debug|Any CPU
		Release|Any CPU = Release|Any CPU
	EndGlobalSection
	GlobalSection(ProjectConfigurationPlatforms) = postSolution
		{CB429438-ED88-461D-83A2-592DBEB6C2CC}.Debug|Any CPU.ActiveCfg = Debug|Any CPU
		{CB429438-ED88-461D-83A2-592DBEB6C2CC}.Debug|Any CPU.Build.0 = Debug|Any CPU
		{CB429438-ED88-461D-83A2-592DBEB6C2CC}.Release|Any CPU.ActiveCfg = Release|Any CPU
		{CB429438-ED88-461D-83A2-592DBEB6C2CC}.Release|Any CPU.Build.0 = Release|Any CPU
	EndGlobalSection
	GlobalSection(SolutionProperties) = preSolution
		HideSolutionNode = FALSE
	EndGlobalSection
	GlobalSection(ExtensibilityGlobals) = postSolution
		SolutionGuid = {5C9D3965-3592-4F85-BB84-7649C599C26D}
	EndGlobalSection
EndGlobal
